
Microsoft Visual Studio Solution File, Format Version 12.00
# Visual Studio 15
Project("{FAE04EC0-301F-11D3-BF4B-00C04F79EFBC}") = "BottomSheetView", "BottomSheetView\BottomSheetView.csproj", "{18F56554-E52D-468E-B291-F61CCE337F67}"
EndProject
Global
	GlobalSection(SolutionConfigurationPlatforms) = preSolution
		Debug|iPhoneSimulator = Debug|iPhoneSimulator
		Release|iPhone = Release|iPhone
		Release|iPhoneSimulator = Release|iPhoneSimulator
		Debug|iPhone = Debug|iPhone
	EndGlobalSection
	GlobalSection(ProjectConfigurationPlatforms) = postSolution
		{18F56554-E52D-468E-B291-F61CCE337F67}.Debug|iPhoneSimulator.ActiveCfg = Debug|iPhoneSimulator
		{18F56554-E52D-468E-B291-F61CCE337F67}.Debug|iPhoneSimulator.Build.0 = Debug|iPhoneSimulator
		{18F56554-E52D-468E-B291-F61CCE337F67}.Release|iPhone.ActiveCfg = Release|iPhone
		{18F56554-E52D-468E-B291-F61CCE337F67}.Release|iPhone.Build.0 = Release|iPhone
		{18F56554-E52D-468E-B291-F61CCE337F67}.Release|iPhoneSimulator.ActiveCfg = Release|iPhoneSimulator
		{18F56554-E52D-468E-B291-F61CCE337F67}.Release|iPhoneSimulator.Build.0 = Release|iPhoneSimulator
		{18F56554-E52D-468E-B291-F61CCE337F67}.Debug|iPhone.ActiveCfg = Debug|iPhone
		{18F56554-E52D-468E-B291-F61CCE337F67}.Debug|iPhone.Build.0 = Debug|iPhone
	EndGlobalSection
EndGlobal
